
Microsoft Visual Studio Solution File, Format Version 12.00
# Visual Studio 15
VisualStudioVersion = 15.0.27004.2002
MinimumVisualStudioVersion = 10.0.40219.1
Project("{FAE04EC0-301F-11D3-BF4B-00C04F79EFBC}") = "angular-signalr-protractor-poc", "angular-signalr-protractor-poc\angular-signalr-protractor-poc.csproj", "{4B47C038-62F8-46B4-9950-3DBB92707F58}"
EndProject
Global
	GlobalSection(SolutionConfigurationPlatforms) = preSolution
		Debug|Any CPU = Debug|Any CPU
		Release|Any CPU = Release|Any CPU
	EndGlobalSection
	GlobalSection(ProjectConfigurationPlatforms) = postSolution
		{4B47C038-62F8-46B4-9950-3DBB92707F58}.Debug|Any CPU.ActiveCfg = Debug|Any CPU
		{4B47C038-62F8-46B4-9950-3DBB92707F58}.Debug|Any CPU.Build.0 = Debug|Any CPU
		{4B47C038-62F8-46B4-9950-3DBB92707F58}.Release|Any CPU.ActiveCfg = Release|Any CPU
		{4B47C038-62F8-46B4-9950-3DBB92707F58}.Release|Any CPU.Build.0 = Release|Any CPU
	EndGlobalSection
	GlobalSection(SolutionProperties) = preSolution
		HideSolutionNode = FALSE
	EndGlobalSection
	GlobalSection(ExtensibilityGlobals) = postSolution
		SolutionGuid = {3CE0F75F-B84C-4D3A-BFEF-8EC44AD23C6D}
	EndGlobalSection
EndGlobal
